// !$*UTF8*$!
{
	archiveVersion = 1;
	classes = {
	};
	objectVersion = 51;
	objects = {

/* Begin PBXBuildFile section */
		139A153A23C53E6B00DA32EB /* AppDelegate.swift in Sources */ = {isa = PBXBuildFile; fileRef = 139A153923C53E6B00DA32EB /* AppDelegate.swift */; };
		139A154323C53E6C00DA32EB /* Assets.xcassets in Resources */ = {isa = PBXBuildFile; fileRef = 139A154223C53E6C00DA32EB /* Assets.xcassets */; };
		139A154623C53E6C00DA32EB /* LaunchScreen.storyboard in Resources */ = {isa = PBXBuildFile; fileRef = 139A154423C53E6C00DA32EB /* LaunchScreen.storyboard */; };
		139A155123C53E6C00DA32EB /* CurrencyTests.swift in Sources */ = {isa = PBXBuildFile; fileRef = 139A155023C53E6C00DA32EB /* CurrencyTests.swift */; };
		139A155C23C53E6C00DA32EB /* CurrencyUITests.swift in Sources */ = {isa = PBXBuildFile; fileRef = 139A155B23C53E6C00DA32EB /* CurrencyUITests.swift */; };
		139A157023C53F5300DA32EB /* BaseViewController.swift in Sources */ = {isa = PBXBuildFile; fileRef = 139A156A23C53F5200DA32EB /* BaseViewController.swift */; };
		139A157123C53F5300DA32EB /* BaseViewModel.swift in Sources */ = {isa = PBXBuildFile; fileRef = 139A156B23C53F5200DA32EB /* BaseViewModel.swift */; };
		139A157223C53F5300DA32EB /* CurrencyListViewController.swift in Sources */ = {isa = PBXBuildFile; fileRef = 139A156D23C53F5200DA32EB /* CurrencyListViewController.swift */; };
		139A157323C53F5300DA32EB /* CurrencyListViewModel.swift in Sources */ = {isa = PBXBuildFile; fileRef = 139A156E23C53F5200DA32EB /* CurrencyListViewModel.swift */; };
		139A157423C53F5300DA32EB /* CurrencyListViewController.xib in Resources */ = {isa = PBXBuildFile; fileRef = 139A156F23C53F5200DA32EB /* CurrencyListViewController.xib */; };
		139A157E23C5405D00DA32EB /* CurrencyConverterViewModel.swift in Sources */ = {isa = PBXBuildFile; fileRef = 139A157D23C5405D00DA32EB /* CurrencyConverterViewModel.swift */; };
		139A158023C540A300DA32EB /* CurrencyConverterViewController.swift in Sources */ = {isa = PBXBuildFile; fileRef = 139A157F23C540A300DA32EB /* CurrencyConverterViewController.swift */; };
		139A158223C540AE00DA32EB /* CurrencyConverterViewController.xib in Resources */ = {isa = PBXBuildFile; fileRef = 139A158123C540AE00DA32EB /* CurrencyConverterViewController.xib */; };
		139A158423C54BD800DA32EB /* Currency.swift in Sources */ = {isa = PBXBuildFile; fileRef = 139A158323C54BD800DA32EB /* Currency.swift */; };
		139A158623C54C6700DA32EB /* CurrencyRate.swift in Sources */ = {isa = PBXBuildFile; fileRef = 139A158523C54C6700DA32EB /* CurrencyRate.swift */; };
		139A158823C54CC200DA32EB /* GetCurrencyRates.swift in Sources */ = {isa = PBXBuildFile; fileRef = 139A158723C54CC200DA32EB /* GetCurrencyRates.swift */; };
		139A158A23C54D4700DA32EB /* ConvertAmount.swift in Sources */ = {isa = PBXBuildFile; fileRef = 139A158923C54D4700DA32EB /* ConvertAmount.swift */; };
		139A158C23C54E4B00DA32EB /* CurrencyError.swift in Sources */ = {isa = PBXBuildFile; fileRef = 139A158B23C54E4B00DA32EB /* CurrencyError.swift */; };
		139A158E23C54ECE00DA32EB /* CurrencyRepository.swift in Sources */ = {isa = PBXBuildFile; fileRef = 139A158D23C54ECE00DA32EB /* CurrencyRepository.swift */; };
		139A159123C5519400DA32EB /* AppDelegate+Injection.swift in Sources */ = {isa = PBXBuildFile; fileRef = 139A159023C5519400DA32EB /* AppDelegate+Injection.swift */; };
		139A159323C551CE00DA32EB /* Repositories+Injection.swift in Sources */ = {isa = PBXBuildFile; fileRef = 139A159223C551CE00DA32EB /* Repositories+Injection.swift */; };
		139A159623C5522200DA32EB /* CurrencyRepositoryRemote.swift in Sources */ = {isa = PBXBuildFile; fileRef = 139A159523C5522200DA32EB /* CurrencyRepositoryRemote.swift */; };
		139A159823C5523200DA32EB /* CurrencyRepositoryMock.swift in Sources */ = {isa = PBXBuildFile; fileRef = 139A159723C5523200DA32EB /* CurrencyRepositoryMock.swift */; };
		13B8C14F23C6382D006FB383 /* FixerDataSource+Rx.swift in Sources */ = {isa = PBXBuildFile; fileRef = 13B8C14E23C6382D006FB383 /* FixerDataSource+Rx.swift */; };
		13B8C15123C6397B006FB383 /* GetLatestRatesResponse.swift in Sources */ = {isa = PBXBuildFile; fileRef = 13B8C15023C6397B006FB383 /* GetLatestRatesResponse.swift */; };
		13B8C15323C63B4E006FB383 /* FixerDataSource+Debug.swift in Sources */ = {isa = PBXBuildFile; fileRef = 13B8C15223C63B4E006FB383 /* FixerDataSource+Debug.swift */; };
		13B8C15923C63BB5006FB383 /* Data.swift in Sources */ = {isa = PBXBuildFile; fileRef = 13B8C15823C63BB5006FB383 /* Data.swift */; };
		13B8C15B23C63D07006FB383 /* FixerResponse.swift in Sources */ = {isa = PBXBuildFile; fileRef = 13B8C15A23C63D07006FB383 /* FixerResponse.swift */; };
		13B8C15D23C63D36006FB383 /* FixerError.swift in Sources */ = {isa = PBXBuildFile; fileRef = 13B8C15C23C63D36006FB383 /* FixerError.swift */; };
		13B8C15F23C63EED006FB383 /* CurrencyRate+Fixer.swift in Sources */ = {isa = PBXBuildFile; fileRef = 13B8C15E23C63EED006FB383 /* CurrencyRate+Fixer.swift */; };
		13DCD32B23C63568003B04DE /* FixerDataSource.swift in Sources */ = {isa = PBXBuildFile; fileRef = 13DCD32A23C63568003B04DE /* FixerDataSource.swift */; };
		13DCD33123C635C7003B04DE /* GetLatestRatesRequest.swift in Sources */ = {isa = PBXBuildFile; fileRef = 13DCD33023C635C7003B04DE /* GetLatestRatesRequest.swift */; };
		4322234F454C915C82FA40F6 /* Pods_Currency_CurrencyUITests.framework in Frameworks */ = {isa = PBXBuildFile; fileRef = 00B5146CF5D0C12360087509 /* Pods_Currency_CurrencyUITests.framework */; };
		A7D12414A8399658C9458408 /* Pods_CurrencyTests.framework in Frameworks */ = {isa = PBXBuildFile; fileRef = E5728BDD9AE992E6515CEBCF /* Pods_CurrencyTests.framework */; };
		FD51354BF512B88FC4CAB3A2 /* Pods_Currency.framework in Frameworks */ = {isa = PBXBuildFile; fileRef = AC353CF77CDCD21FDF5C9240 /* Pods_Currency.framework */; };
/* End PBXBuildFile section */

/* Begin PBXContainerItemProxy section */
		139A154D23C53E6C00DA32EB /* PBXContainerItemProxy */ = {
			isa = PBXContainerItemProxy;
			containerPortal = 139A152E23C53E6B00DA32EB /* Project object */;
			proxyType = 1;
			remoteGlobalIDString = 139A153523C53E6B00DA32EB;
			remoteInfo = Currency;
		};
		139A155823C53E6C00DA32EB /* PBXContainerItemProxy */ = {
			isa = PBXContainerItemProxy;
			containerPortal = 139A152E23C53E6B00DA32EB /* Project object */;
			proxyType = 1;
			remoteGlobalIDString = 139A153523C53E6B00DA32EB;
			remoteInfo = Currency;
		};
/* End PBXContainerItemProxy section */

/* Begin PBXFileReference section */
		00B5146CF5D0C12360087509 /* Pods_Currency_CurrencyUITests.framework */ = {isa = PBXFileReference; explicitFileType = wrapper.framework; includeInIndex = 0; path = Pods_Currency_CurrencyUITests.framework; sourceTree = BUILT_PRODUCTS_DIR; };
		139A153623C53E6B00DA32EB /* Currency.app */ = {isa = PBXFileReference; explicitFileType = wrapper.application; includeInIndex = 0; path = Currency.app; sourceTree = BUILT_PRODUCTS_DIR; };
		139A153923C53E6B00DA32EB /* AppDelegate.swift */ = {isa = PBXFileReference; lastKnownFileType = sourcecode.swift; path = AppDelegate.swift; sourceTree = "<group>"; };
		139A154223C53E6C00DA32EB /* Assets.xcassets */ = {isa = PBXFileReference; lastKnownFileType = folder.assetcatalog; path = Assets.xcassets; sourceTree = "<group>"; };
		139A154523C53E6C00DA32EB /* Base */ = {isa = PBXFileReference; lastKnownFileType = file.storyboard; name = Base; path = Base.lproj/LaunchScreen.storyboard; sourceTree = "<group>"; };
		139A154723C53E6C00DA32EB /* Info.plist */ = {isa = PBXFileReference; lastKnownFileType = text.plist.xml; path = Info.plist; sourceTree = "<group>"; };
		139A154C23C53E6C00DA32EB /* CurrencyTests.xctest */ = {isa = PBXFileReference; explicitFileType = wrapper.cfbundle; includeInIndex = 0; path = CurrencyTests.xctest; sourceTree = BUILT_PRODUCTS_DIR; };
		139A155023C53E6C00DA32EB /* CurrencyTests.swift */ = {isa = PBXFileReference; lastKnownFileType = sourcecode.swift; path = CurrencyTests.swift; sourceTree = "<group>"; };
		139A155223C53E6C00DA32EB /* Info.plist */ = {isa = PBXFileReference; lastKnownFileType = text.plist.xml; path = Info.plist; sourceTree = "<group>"; };
		139A155723C53E6C00DA32EB /* CurrencyUITests.xctest */ = {isa = PBXFileReference; explicitFileType = wrapper.cfbundle; includeInIndex = 0; path = CurrencyUITests.xctest; sourceTree = BUILT_PRODUCTS_DIR; };
		139A155B23C53E6C00DA32EB /* CurrencyUITests.swift */ = {isa = PBXFileReference; lastKnownFileType = sourcecode.swift; path = CurrencyUITests.swift; sourceTree = "<group>"; };
		139A155D23C53E6C00DA32EB /* Info.plist */ = {isa = PBXFileReference; lastKnownFileType = text.plist.xml; path = Info.plist; sourceTree = "<group>"; };
		139A156A23C53F5200DA32EB /* BaseViewController.swift */ = {isa = PBXFileReference; fileEncoding = 4; lastKnownFileType = sourcecode.swift; path = BaseViewController.swift; sourceTree = "<group>"; };
		139A156B23C53F5200DA32EB /* BaseViewModel.swift */ = {isa = PBXFileReference; fileEncoding = 4; lastKnownFileType = sourcecode.swift; path = BaseViewModel.swift; sourceTree = "<group>"; };
		139A156D23C53F5200DA32EB /* CurrencyListViewController.swift */ = {isa = PBXFileReference; fileEncoding = 4; lastKnownFileType = sourcecode.swift; path = CurrencyListViewController.swift; sourceTree = "<group>"; };
		139A156E23C53F5200DA32EB /* CurrencyListViewModel.swift */ = {isa = PBXFileReference; fileEncoding = 4; lastKnownFileType = sourcecode.swift; path = CurrencyListViewModel.swift; sourceTree = "<group>"; };
		139A156F23C53F5200DA32EB /* CurrencyListViewController.xib */ = {isa = PBXFileReference; fileEncoding = 4; lastKnownFileType = file.xib; path = CurrencyListViewController.xib; sourceTree = "<group>"; };
		139A157D23C5405D00DA32EB /* CurrencyConverterViewModel.swift */ = {isa = PBXFileReference; lastKnownFileType = sourcecode.swift; path = CurrencyConverterViewModel.swift; sourceTree = "<group>"; };
		139A157F23C540A300DA32EB /* CurrencyConverterViewController.swift */ = {isa = PBXFileReference; lastKnownFileType = sourcecode.swift; path = CurrencyConverterViewController.swift; sourceTree = "<group>"; };
		139A158123C540AE00DA32EB /* CurrencyConverterViewController.xib */ = {isa = PBXFileReference; lastKnownFileType = file.xib; path = CurrencyConverterViewController.xib; sourceTree = "<group>"; };
		139A158323C54BD800DA32EB /* Currency.swift */ = {isa = PBXFileReference; lastKnownFileType = sourcecode.swift; path = Currency.swift; sourceTree = "<group>"; };
		139A158523C54C6700DA32EB /* CurrencyRate.swift */ = {isa = PBXFileReference; lastKnownFileType = sourcecode.swift; path = CurrencyRate.swift; sourceTree = "<group>"; };
		139A158723C54CC200DA32EB /* GetCurrencyRates.swift */ = {isa = PBXFileReference; lastKnownFileType = sourcecode.swift; path = GetCurrencyRates.swift; sourceTree = "<group>"; };
		139A158923C54D4700DA32EB /* ConvertAmount.swift */ = {isa = PBXFileReference; lastKnownFileType = sourcecode.swift; path = ConvertAmount.swift; sourceTree = "<group>"; };
		139A158B23C54E4B00DA32EB /* CurrencyError.swift */ = {isa = PBXFileReference; lastKnownFileType = sourcecode.swift; path = CurrencyError.swift; sourceTree = "<group>"; };
		139A158D23C54ECE00DA32EB /* CurrencyRepository.swift */ = {isa = PBXFileReference; lastKnownFileType = sourcecode.swift; path = CurrencyRepository.swift; sourceTree = "<group>"; };
		139A159023C5519400DA32EB /* AppDelegate+Injection.swift */ = {isa = PBXFileReference; lastKnownFileType = sourcecode.swift; path = "AppDelegate+Injection.swift"; sourceTree = "<group>"; };
		139A159223C551CE00DA32EB /* Repositories+Injection.swift */ = {isa = PBXFileReference; lastKnownFileType = sourcecode.swift; path = "Repositories+Injection.swift"; sourceTree = "<group>"; };
		139A159523C5522200DA32EB /* CurrencyRepositoryRemote.swift */ = {isa = PBXFileReference; lastKnownFileType = sourcecode.swift; path = CurrencyRepositoryRemote.swift; sourceTree = "<group>"; };
		139A159723C5523200DA32EB /* CurrencyRepositoryMock.swift */ = {isa = PBXFileReference; lastKnownFileType = sourcecode.swift; path = CurrencyRepositoryMock.swift; sourceTree = "<group>"; };
		13B8C14E23C6382D006FB383 /* FixerDataSource+Rx.swift */ = {isa = PBXFileReference; lastKnownFileType = sourcecode.swift; path = "FixerDataSource+Rx.swift"; sourceTree = "<group>"; };
		13B8C15023C6397B006FB383 /* GetLatestRatesResponse.swift */ = {isa = PBXFileReference; lastKnownFileType = sourcecode.swift; path = GetLatestRatesResponse.swift; sourceTree = "<group>"; };
		13B8C15223C63B4E006FB383 /* FixerDataSource+Debug.swift */ = {isa = PBXFileReference; lastKnownFileType = sourcecode.swift; path = "FixerDataSource+Debug.swift"; sourceTree = "<group>"; };
		13B8C15823C63BB5006FB383 /* Data.swift */ = {isa = PBXFileReference; lastKnownFileType = sourcecode.swift; path = Data.swift; sourceTree = "<group>"; };
		13B8C15A23C63D07006FB383 /* FixerResponse.swift */ = {isa = PBXFileReference; lastKnownFileType = sourcecode.swift; path = FixerResponse.swift; sourceTree = "<group>"; };
		13B8C15C23C63D36006FB383 /* FixerError.swift */ = {isa = PBXFileReference; lastKnownFileType = sourcecode.swift; path = FixerError.swift; sourceTree = "<group>"; };
		13B8C15E23C63EED006FB383 /* CurrencyRate+Fixer.swift */ = {isa = PBXFileReference; lastKnownFileType = sourcecode.swift; path = "CurrencyRate+Fixer.swift"; sourceTree = "<group>"; };
		13DCD32A23C63568003B04DE /* FixerDataSource.swift */ = {isa = PBXFileReference; lastKnownFileType = sourcecode.swift; path = FixerDataSource.swift; sourceTree = "<group>"; };
		13DCD33023C635C7003B04DE /* GetLatestRatesRequest.swift */ = {isa = PBXFileReference; lastKnownFileType = sourcecode.swift; path = GetLatestRatesRequest.swift; sourceTree = "<group>"; };
		141491D95E69AD55B1FF265A /* Pods-CurrencyTests.release-mock.xcconfig */ = {isa = PBXFileReference; includeInIndex = 1; lastKnownFileType = text.xcconfig; name = "Pods-CurrencyTests.release-mock.xcconfig"; path = "Target Support Files/Pods-CurrencyTests/Pods-CurrencyTests.release-mock.xcconfig"; sourceTree = "<group>"; };
		1AF064841C074AA2EF85BFE6 /* Pods-Currency-CurrencyUITests.debug-mock.xcconfig */ = {isa = PBXFileReference; includeInIndex = 1; lastKnownFileType = text.xcconfig; name = "Pods-Currency-CurrencyUITests.debug-mock.xcconfig"; path = "Target Support Files/Pods-Currency-CurrencyUITests/Pods-Currency-CurrencyUITests.debug-mock.xcconfig"; sourceTree = "<group>"; };
		2CE505690ACD6D3BED42604C /* Pods-Currency-CurrencyUITests.release-mock.xcconfig */ = {isa = PBXFileReference; includeInIndex = 1; lastKnownFileType = text.xcconfig; name = "Pods-Currency-CurrencyUITests.release-mock.xcconfig"; path = "Target Support Files/Pods-Currency-CurrencyUITests/Pods-Currency-CurrencyUITests.release-mock.xcconfig"; sourceTree = "<group>"; };
		319BAA4D0C51061ABD52E431 /* Pods-Currency.debug-mock.xcconfig */ = {isa = PBXFileReference; includeInIndex = 1; lastKnownFileType = text.xcconfig; name = "Pods-Currency.debug-mock.xcconfig"; path = "Target Support Files/Pods-Currency/Pods-Currency.debug-mock.xcconfig"; sourceTree = "<group>"; };
		6DF93B48BDFF0ED8DF781FC0 /* Pods-CurrencyTests.debug.xcconfig */ = {isa = PBXFileReference; includeInIndex = 1; lastKnownFileType = text.xcconfig; name = "Pods-CurrencyTests.debug.xcconfig"; path = "Target Support Files/Pods-CurrencyTests/Pods-CurrencyTests.debug.xcconfig"; sourceTree = "<group>"; };
		7AAC45AF761A41E6A4D85E48 /* Pods-Currency-CurrencyUITests.release.xcconfig */ = {isa = PBXFileReference; includeInIndex = 1; lastKnownFileType = text.xcconfig; name = "Pods-Currency-CurrencyUITests.release.xcconfig"; path = "Target Support Files/Pods-Currency-CurrencyUITests/Pods-Currency-CurrencyUITests.release.xcconfig"; sourceTree = "<group>"; };
		92230A07532D65610A9BCBF7 /* Pods-Currency.release-mock.xcconfig */ = {isa = PBXFileReference; includeInIndex = 1; lastKnownFileType = text.xcconfig; name = "Pods-Currency.release-mock.xcconfig"; path = "Target Support Files/Pods-Currency/Pods-Currency.release-mock.xcconfig"; sourceTree = "<group>"; };
		A72E3CFC2220D7B1DC463E54 /* Pods-Currency.release.xcconfig */ = {isa = PBXFileReference; includeInIndex = 1; lastKnownFileType = text.xcconfig; name = "Pods-Currency.release.xcconfig"; path = "Target Support Files/Pods-Currency/Pods-Currency.release.xcconfig"; sourceTree = "<group>"; };
		AC353CF77CDCD21FDF5C9240 /* Pods_Currency.framework */ = {isa = PBXFileReference; explicitFileType = wrapper.framework; includeInIndex = 0; path = Pods_Currency.framework; sourceTree = BUILT_PRODUCTS_DIR; };
		AC9A48DA8AD4C35084184A99 /* Pods-Currency-CurrencyUITests.debug.xcconfig */ = {isa = PBXFileReference; includeInIndex = 1; lastKnownFileType = text.xcconfig; name = "Pods-Currency-CurrencyUITests.debug.xcconfig"; path = "Target Support Files/Pods-Currency-CurrencyUITests/Pods-Currency-CurrencyUITests.debug.xcconfig"; sourceTree = "<group>"; };
		C9C5A8E2DB2C8101BF44D9CE /* Pods-CurrencyTests.debug-mock.xcconfig */ = {isa = PBXFileReference; includeInIndex = 1; lastKnownFileType = text.xcconfig; name = "Pods-CurrencyTests.debug-mock.xcconfig"; path = "Target Support Files/Pods-CurrencyTests/Pods-CurrencyTests.debug-mock.xcconfig"; sourceTree = "<group>"; };
		E5728BDD9AE992E6515CEBCF /* Pods_CurrencyTests.framework */ = {isa = PBXFileReference; explicitFileType = wrapper.framework; includeInIndex = 0; path = Pods_CurrencyTests.framework; sourceTree = BUILT_PRODUCTS_DIR; };
		ED001568C8D406A95FBB7EF1 /* Pods-CurrencyTests.release.xcconfig */ = {isa = PBXFileReference; includeInIndex = 1; lastKnownFileType = text.xcconfig; name = "Pods-CurrencyTests.release.xcconfig"; path = "Target Support Files/Pods-CurrencyTests/Pods-CurrencyTests.release.xcconfig"; sourceTree = "<group>"; };
		EE0106B0F54E2C949B066F07 /* Pods-Currency.debug.xcconfig */ = {isa = PBXFileReference; includeInIndex = 1; lastKnownFileType = text.xcconfig; name = "Pods-Currency.debug.xcconfig"; path = "Target Support Files/Pods-Currency/Pods-Currency.debug.xcconfig"; sourceTree = "<group>"; };
/* End PBXFileReference section */

/* Begin PBXFrameworksBuildPhase section */
		139A153323C53E6B00DA32EB /* Frameworks */ = {
			isa = PBXFrameworksBuildPhase;
			buildActionMask = 2147483647;
			files = (
				FD51354BF512B88FC4CAB3A2 /* Pods_Currency.framework in Frameworks */,
			);
			runOnlyForDeploymentPostprocessing = 0;
		};
		139A154923C53E6C00DA32EB /* Frameworks */ = {
			isa = PBXFrameworksBuildPhase;
			buildActionMask = 2147483647;
			files = (
				A7D12414A8399658C9458408 /* Pods_CurrencyTests.framework in Frameworks */,
			);
			runOnlyForDeploymentPostprocessing = 0;
		};
		139A155423C53E6C00DA32EB /* Frameworks */ = {
			isa = PBXFrameworksBuildPhase;
			buildActionMask = 2147483647;
			files = (
				4322234F454C915C82FA40F6 /* Pods_Currency_CurrencyUITests.framework in Frameworks */,
			);
			runOnlyForDeploymentPostprocessing = 0;
		};
/* End PBXFrameworksBuildPhase section */

/* Begin PBXGroup section */
		139A152D23C53E6B00DA32EB = {
			isa = PBXGroup;
			children = (
				139A153823C53E6B00DA32EB /* Currency */,
				139A154F23C53E6C00DA32EB /* CurrencyTests */,
				139A155A23C53E6C00DA32EB /* CurrencyUITests */,
				139A153723C53E6B00DA32EB /* Products */,
				DA15E585BCE64DE00FFA1E21 /* Pods */,
				996338DE75E0EF40E913587F /* Frameworks */,
			);
			sourceTree = "<group>";
		};
		139A153723C53E6B00DA32EB /* Products */ = {
			isa = PBXGroup;
			children = (
				139A153623C53E6B00DA32EB /* Currency.app */,
				139A154C23C53E6C00DA32EB /* CurrencyTests.xctest */,
				139A155723C53E6C00DA32EB /* CurrencyUITests.xctest */,
			);
			name = Products;
			sourceTree = "<group>";
		};
		139A153823C53E6B00DA32EB /* Currency */ = {
			isa = PBXGroup;
			children = (
				139A157523C53FDB00DA32EB /* App */,
				139A153923C53E6B00DA32EB /* AppDelegate.swift */,
				139A154223C53E6C00DA32EB /* Assets.xcassets */,
				139A154423C53E6C00DA32EB /* LaunchScreen.storyboard */,
				139A154723C53E6C00DA32EB /* Info.plist */,
			);
			path = Currency;
			sourceTree = "<group>";
		};
		139A154F23C53E6C00DA32EB /* CurrencyTests */ = {
			isa = PBXGroup;
			children = (
				139A155023C53E6C00DA32EB /* CurrencyTests.swift */,
				139A155223C53E6C00DA32EB /* Info.plist */,
			);
			path = CurrencyTests;
			sourceTree = "<group>";
		};
		139A155A23C53E6C00DA32EB /* CurrencyUITests */ = {
			isa = PBXGroup;
			children = (
				139A155B23C53E6C00DA32EB /* CurrencyUITests.swift */,
				139A155D23C53E6C00DA32EB /* Info.plist */,
			);
			path = CurrencyUITests;
			sourceTree = "<group>";
		};
		139A156923C53F5200DA32EB /* Presentation */ = {
			isa = PBXGroup;
			children = (
				139A156C23C53F5200DA32EB /* Pages */,
				139A156A23C53F5200DA32EB /* BaseViewController.swift */,
				139A156B23C53F5200DA32EB /* BaseViewModel.swift */,
			);
			path = Presentation;
			sourceTree = "<group>";
		};
		139A156C23C53F5200DA32EB /* Pages */ = {
			isa = PBXGroup;
			children = (
				139A157C23C5404200DA32EB /* CurrencyConverter */,
				139A157B23C5403900DA32EB /* CurrencyList */,
			);
			path = Pages;
			sourceTree = "<group>";
		};
		139A157523C53FDB00DA32EB /* App */ = {
			isa = PBXGroup;
			children = (
				139A158F23C5517900DA32EB /* DependencyInjection */,
				139A156923C53F5200DA32EB /* Presentation */,
				139A157623C53FE400DA32EB /* Domain */,
				139A157723C53FF200DA32EB /* Data */,
			);
			path = App;
			sourceTree = "<group>";
		};
		139A157623C53FE400DA32EB /* Domain */ = {
			isa = PBXGroup;
			children = (
				139A157923C5400200DA32EB /* Models */,
				139A157823C53FFC00DA32EB /* UseCases */,
				139A157A23C5400700DA32EB /* Repositories */,
				139A158B23C54E4B00DA32EB /* CurrencyError.swift */,
			);
			path = Domain;
			sourceTree = "<group>";
		};
		139A157723C53FF200DA32EB /* Data */ = {
			isa = PBXGroup;
			children = (
				13B8C15523C63B93006FB383 /* Extensions */,
				13DCD32923C63557003B04DE /* DataSources */,
				139A159423C5521000DA32EB /* Repositories */,
			);
			path = Data;
			sourceTree = "<group>";
		};
		139A157823C53FFC00DA32EB /* UseCases */ = {
			isa = PBXGroup;
			children = (
				139A158723C54CC200DA32EB /* GetCurrencyRates.swift */,
				139A158923C54D4700DA32EB /* ConvertAmount.swift */,
			);
			path = UseCases;
			sourceTree = "<group>";
		};
		139A157923C5400200DA32EB /* Models */ = {
			isa = PBXGroup;
			children = (
				139A158323C54BD800DA32EB /* Currency.swift */,
				139A158523C54C6700DA32EB /* CurrencyRate.swift */,
			);
			path = Models;
			sourceTree = "<group>";
		};
		139A157A23C5400700DA32EB /* Repositories */ = {
			isa = PBXGroup;
			children = (
				139A158D23C54ECE00DA32EB /* CurrencyRepository.swift */,
			);
			path = Repositories;
			sourceTree = "<group>";
		};
		139A157B23C5403900DA32EB /* CurrencyList */ = {
			isa = PBXGroup;
			children = (
				139A156D23C53F5200DA32EB /* CurrencyListViewController.swift */,
				139A156F23C53F5200DA32EB /* CurrencyListViewController.xib */,
				139A156E23C53F5200DA32EB /* CurrencyListViewModel.swift */,
			);
			path = CurrencyList;
			sourceTree = "<group>";
		};
		139A157C23C5404200DA32EB /* CurrencyConverter */ = {
			isa = PBXGroup;
			children = (
				139A157D23C5405D00DA32EB /* CurrencyConverterViewModel.swift */,
				139A157F23C540A300DA32EB /* CurrencyConverterViewController.swift */,
				139A158123C540AE00DA32EB /* CurrencyConverterViewController.xib */,
			);
			path = CurrencyConverter;
			sourceTree = "<group>";
		};
		139A158F23C5517900DA32EB /* DependencyInjection */ = {
			isa = PBXGroup;
			children = (
				139A159023C5519400DA32EB /* AppDelegate+Injection.swift */,
				139A159223C551CE00DA32EB /* Repositories+Injection.swift */,
			);
			path = DependencyInjection;
			sourceTree = "<group>";
		};
		139A159423C5521000DA32EB /* Repositories */ = {
			isa = PBXGroup;
			children = (
				139A159523C5522200DA32EB /* CurrencyRepositoryRemote.swift */,
				139A159723C5523200DA32EB /* CurrencyRepositoryMock.swift */,
			);
			path = Repositories;
			sourceTree = "<group>";
		};
		13B8C15523C63B93006FB383 /* Extensions */ = {
			isa = PBXGroup;
			children = (
				13B8C15823C63BB5006FB383 /* Data.swift */,
			);
			path = Extensions;
			sourceTree = "<group>";
		};
		13DCD32923C63557003B04DE /* DataSources */ = {
			isa = PBXGroup;
			children = (
				13DCD32C23C63593003B04DE /* Fixer */,
			);
			path = DataSources;
			sourceTree = "<group>";
		};
		13DCD32C23C63593003B04DE /* Fixer */ = {
			isa = PBXGroup;
			children = (
				13DCD32D23C63599003B04DE /* Models */,
				13DCD32A23C63568003B04DE /* FixerDataSource.swift */,
				13B8C14E23C6382D006FB383 /* FixerDataSource+Rx.swift */,
				13B8C15223C63B4E006FB383 /* FixerDataSource+Debug.swift */,
			);
			path = Fixer;
			sourceTree = "<group>";
		};
		13DCD32D23C63599003B04DE /* Models */ = {
			isa = PBXGroup;
			children = (
				13DCD32E23C635A3003B04DE /* Requests */,
				13DCD32F23C635A8003B04DE /* Responses */,
				13B8C15C23C63D36006FB383 /* FixerError.swift */,
				13B8C15E23C63EED006FB383 /* CurrencyRate+Fixer.swift */,
			);
			path = Models;
			sourceTree = "<group>";
		};
		13DCD32E23C635A3003B04DE /* Requests */ = {
			isa = PBXGroup;
			children = (
				13DCD33023C635C7003B04DE /* GetLatestRatesRequest.swift */,
			);
			path = Requests;
			sourceTree = "<group>";
		};
		13DCD32F23C635A8003B04DE /* Responses */ = {
			isa = PBXGroup;
			children = (
				13B8C15023C6397B006FB383 /* GetLatestRatesResponse.swift */,
				13B8C15A23C63D07006FB383 /* FixerResponse.swift */,
			);
			path = Responses;
			sourceTree = "<group>";
		};
		996338DE75E0EF40E913587F /* Frameworks */ = {
			isa = PBXGroup;
			children = (
				AC353CF77CDCD21FDF5C9240 /* Pods_Currency.framework */,
				00B5146CF5D0C12360087509 /* Pods_Currency_CurrencyUITests.framework */,
				E5728BDD9AE992E6515CEBCF /* Pods_CurrencyTests.framework */,
			);
			name = Frameworks;
			sourceTree = "<group>";
		};
		DA15E585BCE64DE00FFA1E21 /* Pods */ = {
			isa = PBXGroup;
			children = (
				EE0106B0F54E2C949B066F07 /* Pods-Currency.debug.xcconfig */,
				A72E3CFC2220D7B1DC463E54 /* Pods-Currency.release.xcconfig */,
				AC9A48DA8AD4C35084184A99 /* Pods-Currency-CurrencyUITests.debug.xcconfig */,
				7AAC45AF761A41E6A4D85E48 /* Pods-Currency-CurrencyUITests.release.xcconfig */,
				6DF93B48BDFF0ED8DF781FC0 /* Pods-CurrencyTests.debug.xcconfig */,
				ED001568C8D406A95FBB7EF1 /* Pods-CurrencyTests.release.xcconfig */,
				319BAA4D0C51061ABD52E431 /* Pods-Currency.debug-mock.xcconfig */,
				92230A07532D65610A9BCBF7 /* Pods-Currency.release-mock.xcconfig */,
				1AF064841C074AA2EF85BFE6 /* Pods-Currency-CurrencyUITests.debug-mock.xcconfig */,
				2CE505690ACD6D3BED42604C /* Pods-Currency-CurrencyUITests.release-mock.xcconfig */,
				C9C5A8E2DB2C8101BF44D9CE /* Pods-CurrencyTests.debug-mock.xcconfig */,
				141491D95E69AD55B1FF265A /* Pods-CurrencyTests.release-mock.xcconfig */,
			);
			path = Pods;
			sourceTree = "<group>";
		};
/* End PBXGroup section */

/* Begin PBXNativeTarget section */
		139A153523C53E6B00DA32EB /* Currency */ = {
			isa = PBXNativeTarget;
			buildConfigurationList = 139A156023C53E6C00DA32EB /* Build configuration list for PBXNativeTarget "Currency" */;
			buildPhases = (
				21CF3C6BC5A9EEF307B59416 /* [CP] Check Pods Manifest.lock */,
				139A153223C53E6B00DA32EB /* Sources */,
				139A153323C53E6B00DA32EB /* Frameworks */,
				139A153423C53E6B00DA32EB /* Resources */,
				4BB2AB2572DB265237059CF4 /* [CP] Embed Pods Frameworks */,
			);
			buildRules = (
			);
			dependencies = (
			);
			name = Currency;
			productName = Currency;
			productReference = 139A153623C53E6B00DA32EB /* Currency.app */;
			productType = "com.apple.product-type.application";
		};
		139A154B23C53E6C00DA32EB /* CurrencyTests */ = {
			isa = PBXNativeTarget;
			buildConfigurationList = 139A156323C53E6C00DA32EB /* Build configuration list for PBXNativeTarget "CurrencyTests" */;
			buildPhases = (
				8DD9BB79810BA2825C48ADF4 /* [CP] Check Pods Manifest.lock */,
				139A154823C53E6C00DA32EB /* Sources */,
				139A154923C53E6C00DA32EB /* Frameworks */,
				139A154A23C53E6C00DA32EB /* Resources */,
			);
			buildRules = (
			);
			dependencies = (
				139A154E23C53E6C00DA32EB /* PBXTargetDependency */,
			);
			name = CurrencyTests;
			productName = CurrencyTests;
			productReference = 139A154C23C53E6C00DA32EB /* CurrencyTests.xctest */;
			productType = "com.apple.product-type.bundle.unit-test";
		};
		139A155623C53E6C00DA32EB /* CurrencyUITests */ = {
			isa = PBXNativeTarget;
			buildConfigurationList = 139A156623C53E6C00DA32EB /* Build configuration list for PBXNativeTarget "CurrencyUITests" */;
			buildPhases = (
				12C6CC8BD94D2247FFAE4B1E /* [CP] Check Pods Manifest.lock */,
				139A155323C53E6C00DA32EB /* Sources */,
				139A155423C53E6C00DA32EB /* Frameworks */,
				139A155523C53E6C00DA32EB /* Resources */,
				E697E8BB2CD318575A7CEC46 /* [CP] Embed Pods Frameworks */,
			);
			buildRules = (
			);
			dependencies = (
				139A155923C53E6C00DA32EB /* PBXTargetDependency */,
			);
			name = CurrencyUITests;
			productName = CurrencyUITests;
			productReference = 139A155723C53E6C00DA32EB /* CurrencyUITests.xctest */;
			productType = "com.apple.product-type.bundle.ui-testing";
		};
/* End PBXNativeTarget section */

/* Begin PBXProject section */
		139A152E23C53E6B00DA32EB /* Project object */ = {
			isa = PBXProject;
			attributes = {
				LastSwiftUpdateCheck = 1120;
				LastUpgradeCheck = 1120;
				ORGANIZATIONNAME = "Dimas Gabriel";
				TargetAttributes = {
					139A153523C53E6B00DA32EB = {
						CreatedOnToolsVersion = 11.2.1;
					};
					139A154B23C53E6C00DA32EB = {
						CreatedOnToolsVersion = 11.2.1;
						TestTargetID = 139A153523C53E6B00DA32EB;
					};
					139A155623C53E6C00DA32EB = {
						CreatedOnToolsVersion = 11.2.1;
						TestTargetID = 139A153523C53E6B00DA32EB;
					};
				};
			};
			buildConfigurationList = 139A153123C53E6B00DA32EB /* Build configuration list for PBXProject "Currency" */;
			compatibilityVersion = "Xcode 9.3";
			developmentRegion = en;
			hasScannedForEncodings = 0;
			knownRegions = (
				en,
				Base,
			);
			mainGroup = 139A152D23C53E6B00DA32EB;
			productRefGroup = 139A153723C53E6B00DA32EB /* Products */;
			projectDirPath = "";
			projectRoot = "";
			targets = (
				139A153523C53E6B00DA32EB /* Currency */,
				139A154B23C53E6C00DA32EB /* CurrencyTests */,
				139A155623C53E6C00DA32EB /* CurrencyUITests */,
			);
		};
/* End PBXProject section */

/* Begin PBXResourcesBuildPhase section */
		139A153423C53E6B00DA32EB /* Resources */ = {
			isa = PBXResourcesBuildPhase;
			buildActionMask = 2147483647;
			files = (
				139A154623C53E6C00DA32EB /* LaunchScreen.storyboard in Resources */,
				139A157423C53F5300DA32EB /* CurrencyListViewController.xib in Resources */,
				139A158223C540AE00DA32EB /* CurrencyConverterViewController.xib in Resources */,
				139A154323C53E6C00DA32EB /* Assets.xcassets in Resources */,
			);
			runOnlyForDeploymentPostprocessing = 0;
		};
		139A154A23C53E6C00DA32EB /* Resources */ = {
			isa = PBXResourcesBuildPhase;
			buildActionMask = 2147483647;
			files = (
			);
			runOnlyForDeploymentPostprocessing = 0;
		};
		139A155523C53E6C00DA32EB /* Resources */ = {
			isa = PBXResourcesBuildPhase;
			buildActionMask = 2147483647;
			files = (
			);
			runOnlyForDeploymentPostprocessing = 0;
		};
/* End PBXResourcesBuildPhase section */

/* Begin PBXShellScriptBuildPhase section */
		12C6CC8BD94D2247FFAE4B1E /* [CP] Check Pods Manifest.lock */ = {
			isa = PBXShellScriptBuildPhase;
			buildActionMask = 2147483647;
			files = (
			);
			inputFileListPaths = (
			);
			inputPaths = (
				"${PODS_PODFILE_DIR_PATH}/Podfile.lock",
				"${PODS_ROOT}/Manifest.lock",
			);
			name = "[CP] Check Pods Manifest.lock";
			outputFileListPaths = (
			);
			outputPaths = (
				"$(DERIVED_FILE_DIR)/Pods-Currency-CurrencyUITests-checkManifestLockResult.txt",
			);
			runOnlyForDeploymentPostprocessing = 0;
			shellPath = /bin/sh;
			shellScript = "diff \"${PODS_PODFILE_DIR_PATH}/Podfile.lock\" \"${PODS_ROOT}/Manifest.lock\" > /dev/null\nif [ $? != 0 ] ; then\n    # print error to STDERR\n    echo \"error: The sandbox is not in sync with the Podfile.lock. Run 'pod install' or update your CocoaPods installation.\" >&2\n    exit 1\nfi\n# This output is used by Xcode 'outputs' to avoid re-running this script phase.\necho \"SUCCESS\" > \"${SCRIPT_OUTPUT_FILE_0}\"\n";
			showEnvVarsInLog = 0;
		};
		21CF3C6BC5A9EEF307B59416 /* [CP] Check Pods Manifest.lock */ = {
			isa = PBXShellScriptBuildPhase;
			buildActionMask = 2147483647;
			files = (
			);
			inputFileListPaths = (
			);
			inputPaths = (
				"${PODS_PODFILE_DIR_PATH}/Podfile.lock",
				"${PODS_ROOT}/Manifest.lock",
			);
			name = "[CP] Check Pods Manifest.lock";
			outputFileListPaths = (
			);
			outputPaths = (
				"$(DERIVED_FILE_DIR)/Pods-Currency-checkManifestLockResult.txt",
			);
			runOnlyForDeploymentPostprocessing = 0;
			shellPath = /bin/sh;
			shellScript = "diff \"${PODS_PODFILE_DIR_PATH}/Podfile.lock\" \"${PODS_ROOT}/Manifest.lock\" > /dev/null\nif [ $? != 0 ] ; then\n    # print error to STDERR\n    echo \"error: The sandbox is not in sync with the Podfile.lock. Run 'pod install' or update your CocoaPods installation.\" >&2\n    exit 1\nfi\n# This output is used by Xcode 'outputs' to avoid re-running this script phase.\necho \"SUCCESS\" > \"${SCRIPT_OUTPUT_FILE_0}\"\n";
			showEnvVarsInLog = 0;
		};
		4BB2AB2572DB265237059CF4 /* [CP] Embed Pods Frameworks */ = {
			isa = PBXShellScriptBuildPhase;
			buildActionMask = 2147483647;
			files = (
			);
			inputFileListPaths = (
				"${PODS_ROOT}/Target Support Files/Pods-Currency/Pods-Currency-frameworks-${CONFIGURATION}-input-files.xcfilelist",
			);
			name = "[CP] Embed Pods Frameworks";
			outputFileListPaths = (
				"${PODS_ROOT}/Target Support Files/Pods-Currency/Pods-Currency-frameworks-${CONFIGURATION}-output-files.xcfilelist",
			);
			runOnlyForDeploymentPostprocessing = 0;
			shellPath = /bin/sh;
			shellScript = "\"${PODS_ROOT}/Target Support Files/Pods-Currency/Pods-Currency-frameworks.sh\"\n";
			showEnvVarsInLog = 0;
		};
		8DD9BB79810BA2825C48ADF4 /* [CP] Check Pods Manifest.lock */ = {
			isa = PBXShellScriptBuildPhase;
			buildActionMask = 2147483647;
			files = (
			);
			inputFileListPaths = (
			);
			inputPaths = (
				"${PODS_PODFILE_DIR_PATH}/Podfile.lock",
				"${PODS_ROOT}/Manifest.lock",
			);
			name = "[CP] Check Pods Manifest.lock";
			outputFileListPaths = (
			);
			outputPaths = (
				"$(DERIVED_FILE_DIR)/Pods-CurrencyTests-checkManifestLockResult.txt",
			);
			runOnlyForDeploymentPostprocessing = 0;
			shellPath = /bin/sh;
			shellScript = "diff \"${PODS_PODFILE_DIR_PATH}/Podfile.lock\" \"${PODS_ROOT}/Manifest.lock\" > /dev/null\nif [ $? != 0 ] ; then\n    # print error to STDERR\n    echo \"error: The sandbox is not in sync with the Podfile.lock. Run 'pod install' or update your CocoaPods installation.\" >&2\n    exit 1\nfi\n# This output is used by Xcode 'outputs' to avoid re-running this script phase.\necho \"SUCCESS\" > \"${SCRIPT_OUTPUT_FILE_0}\"\n";
			showEnvVarsInLog = 0;
		};
		E697E8BB2CD318575A7CEC46 /* [CP] Embed Pods Frameworks */ = {
			isa = PBXShellScriptBuildPhase;
			buildActionMask = 2147483647;
			files = (
			);
			inputFileListPaths = (
				"${PODS_ROOT}/Target Support Files/Pods-Currency-CurrencyUITests/Pods-Currency-CurrencyUITests-frameworks-${CONFIGURATION}-input-files.xcfilelist",
			);
			name = "[CP] Embed Pods Frameworks";
			outputFileListPaths = (
				"${PODS_ROOT}/Target Support Files/Pods-Currency-CurrencyUITests/Pods-Currency-CurrencyUITests-frameworks-${CONFIGURATION}-output-files.xcfilelist",
			);
			runOnlyForDeploymentPostprocessing = 0;
			shellPath = /bin/sh;
			shellScript = "\"${PODS_ROOT}/Target Support Files/Pods-Currency-CurrencyUITests/Pods-Currency-CurrencyUITests-frameworks.sh\"\n";
			showEnvVarsInLog = 0;
		};
/* End PBXShellScriptBuildPhase section */

/* Begin PBXSourcesBuildPhase section */
		139A153223C53E6B00DA32EB /* Sources */ = {
			isa = PBXSourcesBuildPhase;
			buildActionMask = 2147483647;
			files = (
				139A157223C53F5300DA32EB /* CurrencyListViewController.swift in Sources */,
				139A158823C54CC200DA32EB /* GetCurrencyRates.swift in Sources */,
				139A157E23C5405D00DA32EB /* CurrencyConverterViewModel.swift in Sources */,
				139A158023C540A300DA32EB /* CurrencyConverterViewController.swift in Sources */,
				139A158E23C54ECE00DA32EB /* CurrencyRepository.swift in Sources */,
				13B8C14F23C6382D006FB383 /* FixerDataSource+Rx.swift in Sources */,
				139A157323C53F5300DA32EB /* CurrencyListViewModel.swift in Sources */,
				13B8C15123C6397B006FB383 /* GetLatestRatesResponse.swift in Sources */,
				139A158623C54C6700DA32EB /* CurrencyRate.swift in Sources */,
				139A159823C5523200DA32EB /* CurrencyRepositoryMock.swift in Sources */,
				139A158423C54BD800DA32EB /* Currency.swift in Sources */,
				13DCD32B23C63568003B04DE /* FixerDataSource.swift in Sources */,
				13DCD33123C635C7003B04DE /* GetLatestRatesRequest.swift in Sources */,
				13B8C15D23C63D36006FB383 /* FixerError.swift in Sources */,
				13B8C15923C63BB5006FB383 /* Data.swift in Sources */,
				139A158C23C54E4B00DA32EB /* CurrencyError.swift in Sources */,
				139A157123C53F5300DA32EB /* BaseViewModel.swift in Sources */,
				13B8C15323C63B4E006FB383 /* FixerDataSource+Debug.swift in Sources */,
				139A159323C551CE00DA32EB /* Repositories+Injection.swift in Sources */,
				13B8C15F23C63EED006FB383 /* CurrencyRate+Fixer.swift in Sources */,
				139A159123C5519400DA32EB /* AppDelegate+Injection.swift in Sources */,
				13B8C15B23C63D07006FB383 /* FixerResponse.swift in Sources */,
				139A153A23C53E6B00DA32EB /* AppDelegate.swift in Sources */,
				139A157023C53F5300DA32EB /* BaseViewController.swift in Sources */,
				139A159623C5522200DA32EB /* CurrencyRepositoryRemote.swift in Sources */,
				139A158A23C54D4700DA32EB /* ConvertAmount.swift in Sources */,
			);
			runOnlyForDeploymentPostprocessing = 0;
		};
		139A154823C53E6C00DA32EB /* Sources */ = {
			isa = PBXSourcesBuildPhase;
			buildActionMask = 2147483647;
			files = (
				139A155123C53E6C00DA32EB /* CurrencyTests.swift in Sources */,
			);
			runOnlyForDeploymentPostprocessing = 0;
		};
		139A155323C53E6C00DA32EB /* Sources */ = {
			isa = PBXSourcesBuildPhase;
			buildActionMask = 2147483647;
			files = (
				139A155C23C53E6C00DA32EB /* CurrencyUITests.swift in Sources */,
			);
			runOnlyForDeploymentPostprocessing = 0;
		};
/* End PBXSourcesBuildPhase section */

/* Begin PBXTargetDependency section */
		139A154E23C53E6C00DA32EB /* PBXTargetDependency */ = {
			isa = PBXTargetDependency;
			target = 139A153523C53E6B00DA32EB /* Currency */;
			targetProxy = 139A154D23C53E6C00DA32EB /* PBXContainerItemProxy */;
		};
		139A155923C53E6C00DA32EB /* PBXTargetDependency */ = {
			isa = PBXTargetDependency;
			target = 139A153523C53E6B00DA32EB /* Currency */;
			targetProxy = 139A155823C53E6C00DA32EB /* PBXContainerItemProxy */;
		};
/* End PBXTargetDependency section */

/* Begin PBXVariantGroup section */
		139A154423C53E6C00DA32EB /* LaunchScreen.storyboard */ = {
			isa = PBXVariantGroup;
			children = (
				139A154523C53E6C00DA32EB /* Base */,
			);
			name = LaunchScreen.storyboard;
			sourceTree = "<group>";
		};
/* End PBXVariantGroup section */

/* Begin XCBuildConfiguration section */
		139A155E23C53E6C00DA32EB /* Debug */ = {
			isa = XCBuildConfiguration;
			buildSettings = {
				ALWAYS_SEARCH_USER_PATHS = NO;
				CLANG_ANALYZER_NONNULL = YES;
				CLANG_ANALYZER_NUMBER_OBJECT_CONVERSION = YES_AGGRESSIVE;
				CLANG_CXX_LANGUAGE_STANDARD = "gnu++14";
				CLANG_CXX_LIBRARY = "libc++";
				CLANG_ENABLE_MODULES = YES;
				CLANG_ENABLE_OBJC_ARC = YES;
				CLANG_ENABLE_OBJC_WEAK = YES;
				CLANG_WARN_BLOCK_CAPTURE_AUTORELEASING = YES;
				CLANG_WARN_BOOL_CONVERSION = YES;
				CLANG_WARN_COMMA = YES;
				CLANG_WARN_CONSTANT_CONVERSION = YES;
				CLANG_WARN_DEPRECATED_OBJC_IMPLEMENTATIONS = YES;
				CLANG_WARN_DIRECT_OBJC_ISA_USAGE = YES_ERROR;
				CLANG_WARN_DOCUMENTATION_COMMENTS = YES;
				CLANG_WARN_EMPTY_BODY = YES;
				CLANG_WARN_ENUM_CONVERSION = YES;
				CLANG_WARN_INFINITE_RECURSION = YES;
				CLANG_WARN_INT_CONVERSION = YES;
				CLANG_WARN_NON_LITERAL_NULL_CONVERSION = YES;
				CLANG_WARN_OBJC_IMPLICIT_RETAIN_SELF = YES;
				CLANG_WARN_OBJC_LITERAL_CONVERSION = YES;
				CLANG_WARN_OBJC_ROOT_CLASS = YES_ERROR;
				CLANG_WARN_RANGE_LOOP_ANALYSIS = YES;
				CLANG_WARN_STRICT_PROTOTYPES = YES;
				CLANG_WARN_SUSPICIOUS_MOVE = YES;
				CLANG_WARN_UNGUARDED_AVAILABILITY = YES_AGGRESSIVE;
				CLANG_WARN_UNREACHABLE_CODE = YES;
				CLANG_WARN__DUPLICATE_METHOD_MATCH = YES;
				COPY_PHASE_STRIP = NO;
				DEBUG_INFORMATION_FORMAT = dwarf;
				ENABLE_STRICT_OBJC_MSGSEND = YES;
				ENABLE_TESTABILITY = YES;
				GCC_C_LANGUAGE_STANDARD = gnu11;
				GCC_DYNAMIC_NO_PIC = NO;
				GCC_NO_COMMON_BLOCKS = YES;
				GCC_OPTIMIZATION_LEVEL = 0;
				GCC_PREPROCESSOR_DEFINITIONS = (
					"DEBUG=1",
					"$(inherited)",
				);
				GCC_WARN_64_TO_32_BIT_CONVERSION = YES;
				GCC_WARN_ABOUT_RETURN_TYPE = YES_ERROR;
				GCC_WARN_UNDECLARED_SELECTOR = YES;
				GCC_WARN_UNINITIALIZED_AUTOS = YES_AGGRESSIVE;
				GCC_WARN_UNUSED_FUNCTION = YES;
				GCC_WARN_UNUSED_VARIABLE = YES;
				IPHONEOS_DEPLOYMENT_TARGET = 13.2;
				MTL_ENABLE_DEBUG_INFO = INCLUDE_SOURCE;
				MTL_FAST_MATH = YES;
				ONLY_ACTIVE_ARCH = YES;
				SDKROOT = iphoneos;
				SWIFT_ACTIVE_COMPILATION_CONDITIONS = DEBUG;
				SWIFT_OPTIMIZATION_LEVEL = "-Onone";
			};
			name = Debug;
		};
		139A155F23C53E6C00DA32EB /* Release */ = {
			isa = XCBuildConfiguration;
			buildSettings = {
				ALWAYS_SEARCH_USER_PATHS = NO;
				CLANG_ANALYZER_NONNULL = YES;
				CLANG_ANALYZER_NUMBER_OBJECT_CONVERSION = YES_AGGRESSIVE;
				CLANG_CXX_LANGUAGE_STANDARD = "gnu++14";
				CLANG_CXX_LIBRARY = "libc++";
				CLANG_ENABLE_MODULES = YES;
				CLANG_ENABLE_OBJC_ARC = YES;
				CLANG_ENABLE_OBJC_WEAK = YES;
				CLANG_WARN_BLOCK_CAPTURE_AUTORELEASING = YES;
				CLANG_WARN_BOOL_CONVERSION = YES;
				CLANG_WARN_COMMA = YES;
				CLANG_WARN_CONSTANT_CONVERSION = YES;
				CLANG_WARN_DEPRECATED_OBJC_IMPLEMENTATIONS = YES;
				CLANG_WARN_DIRECT_OBJC_ISA_USAGE = YES_ERROR;
				CLANG_WARN_DOCUMENTATION_COMMENTS = YES;
				CLANG_WARN_EMPTY_BODY = YES;
				CLANG_WARN_ENUM_CONVERSION = YES;
				CLANG_WARN_INFINITE_RECURSION = YES;
				CLANG_WARN_INT_CONVERSION = YES;
				CLANG_WARN_NON_LITERAL_NULL_CONVERSION = YES;
				CLANG_WARN_OBJC_IMPLICIT_RETAIN_SELF = YES;
				CLANG_WARN_OBJC_LITERAL_CONVERSION = YES;
				CLANG_WARN_OBJC_ROOT_CLASS = YES_ERROR;
				CLANG_WARN_RANGE_LOOP_ANALYSIS = YES;
				CLANG_WARN_STRICT_PROTOTYPES = YES;
				CLANG_WARN_SUSPICIOUS_MOVE = YES;
				CLANG_WARN_UNGUARDED_AVAILABILITY = YES_AGGRESSIVE;
				CLANG_WARN_UNREACHABLE_CODE = YES;
				CLANG_WARN__DUPLICATE_METHOD_MATCH = YES;
				COPY_PHASE_STRIP = NO;
				DEBUG_INFORMATION_FORMAT = "dwarf-with-dsym";
				ENABLE_NS_ASSERTIONS = NO;
				ENABLE_STRICT_OBJC_MSGSEND = YES;
				GCC_C_LANGUAGE_STANDARD = gnu11;
				GCC_NO_COMMON_BLOCKS = YES;
				GCC_WARN_64_TO_32_BIT_CONVERSION = YES;
				GCC_WARN_ABOUT_RETURN_TYPE = YES_ERROR;
				GCC_WARN_UNDECLARED_SELECTOR = YES;
				GCC_WARN_UNINITIALIZED_AUTOS = YES_AGGRESSIVE;
				GCC_WARN_UNUSED_FUNCTION = YES;
				GCC_WARN_UNUSED_VARIABLE = YES;
				IPHONEOS_DEPLOYMENT_TARGET = 13.2;
				MTL_ENABLE_DEBUG_INFO = NO;
				MTL_FAST_MATH = YES;
				SDKROOT = iphoneos;
				SWIFT_COMPILATION_MODE = wholemodule;
				SWIFT_OPTIMIZATION_LEVEL = "-O";
				VALIDATE_PRODUCT = YES;
			};
			name = Release;
		};
		139A156123C53E6C00DA32EB /* Debug */ = {
			isa = XCBuildConfiguration;
			baseConfigurationReference = EE0106B0F54E2C949B066F07 /* Pods-Currency.debug.xcconfig */;
			buildSettings = {
				ASSETCATALOG_COMPILER_APPICON_NAME = AppIcon;
				CODE_SIGN_STYLE = Automatic;
				DEVELOPMENT_TEAM = PBE6X9PZJ3;
				INFOPLIST_FILE = Currency/Info.plist;
				IPHONEOS_DEPLOYMENT_TARGET = 11.0;
				LD_RUNPATH_SEARCH_PATHS = (
					"$(inherited)",
					"@executable_path/Frameworks",
				);
				PRODUCT_BUNDLE_IDENTIFIER = net.dimasgabriel.Currency;
				PRODUCT_NAME = "$(TARGET_NAME)";
				SWIFT_VERSION = 5.0;
				TARGETED_DEVICE_FAMILY = 1;
			};
			name = Debug;
		};
		139A156223C53E6C00DA32EB /* Release */ = {
			isa = XCBuildConfiguration;
			baseConfigurationReference = A72E3CFC2220D7B1DC463E54 /* Pods-Currency.release.xcconfig */;
			buildSettings = {
				ASSETCATALOG_COMPILER_APPICON_NAME = AppIcon;
				CODE_SIGN_STYLE = Automatic;
				DEVELOPMENT_TEAM = PBE6X9PZJ3;
				INFOPLIST_FILE = Currency/Info.plist;
				IPHONEOS_DEPLOYMENT_TARGET = 11.0;
				LD_RUNPATH_SEARCH_PATHS = (
					"$(inherited)",
					"@executable_path/Frameworks",
				);
				PRODUCT_BUNDLE_IDENTIFIER = net.dimasgabriel.Currency;
				PRODUCT_NAME = "$(TARGET_NAME)";
				SWIFT_VERSION = 5.0;
				TARGETED_DEVICE_FAMILY = 1;
			};
			name = Release;
		};
		139A156423C53E6C00DA32EB /* Debug */ = {
			isa = XCBuildConfiguration;
			baseConfigurationReference = 6DF93B48BDFF0ED8DF781FC0 /* Pods-CurrencyTests.debug.xcconfig */;
			buildSettings = {
				ALWAYS_EMBED_SWIFT_STANDARD_LIBRARIES = YES;
				BUNDLE_LOADER = "$(TEST_HOST)";
				CODE_SIGN_STYLE = Automatic;
				DEVELOPMENT_TEAM = PBE6X9PZJ3;
				INFOPLIST_FILE = CurrencyTests/Info.plist;
				IPHONEOS_DEPLOYMENT_TARGET = 13.2;
				LD_RUNPATH_SEARCH_PATHS = (
					"$(inherited)",
					"@executable_path/Frameworks",
					"@loader_path/Frameworks",
				);
				PRODUCT_BUNDLE_IDENTIFIER = net.dimasgabriel.CurrencyTests;
				PRODUCT_NAME = "$(TARGET_NAME)";
				SWIFT_VERSION = 5.0;
				TARGETED_DEVICE_FAMILY = "1,2";
				TEST_HOST = "$(BUILT_PRODUCTS_DIR)/Currency.app/Currency";
			};
			name = Debug;
		};
		139A156523C53E6C00DA32EB /* Release */ = {
			isa = XCBuildConfiguration;
			baseConfigurationReference = ED001568C8D406A95FBB7EF1 /* Pods-CurrencyTests.release.xcconfig */;
			buildSettings = {
				ALWAYS_EMBED_SWIFT_STANDARD_LIBRARIES = YES;
				BUNDLE_LOADER = "$(TEST_HOST)";
				CODE_SIGN_STYLE = Automatic;
				DEVELOPMENT_TEAM = PBE6X9PZJ3;
				INFOPLIST_FILE = CurrencyTests/Info.plist;
				IPHONEOS_DEPLOYMENT_TARGET = 13.2;
				LD_RUNPATH_SEARCH_PATHS = (
					"$(inherited)",
					"@executable_path/Frameworks",
					"@loader_path/Frameworks",
				);
				PRODUCT_BUNDLE_IDENTIFIER = net.dimasgabriel.CurrencyTests;
				PRODUCT_NAME = "$(TARGET_NAME)";
				SWIFT_VERSION = 5.0;
				TARGETED_DEVICE_FAMILY = "1,2";
				TEST_HOST = "$(BUILT_PRODUCTS_DIR)/Currency.app/Currency";
			};
			name = Release;
		};
		139A156723C53E6C00DA32EB /* Debug */ = {
			isa = XCBuildConfiguration;
			baseConfigurationReference = AC9A48DA8AD4C35084184A99 /* Pods-Currency-CurrencyUITests.debug.xcconfig */;
			buildSettings = {
				ALWAYS_EMBED_SWIFT_STANDARD_LIBRARIES = YES;
				CODE_SIGN_STYLE = Automatic;
				DEVELOPMENT_TEAM = PBE6X9PZJ3;
				INFOPLIST_FILE = CurrencyUITests/Info.plist;
				LD_RUNPATH_SEARCH_PATHS = (
					"$(inherited)",
					"@executable_path/Frameworks",
					"@loader_path/Frameworks",
				);
				PRODUCT_BUNDLE_IDENTIFIER = net.dimasgabriel.CurrencyUITests;
				PRODUCT_NAME = "$(TARGET_NAME)";
				SWIFT_VERSION = 5.0;
				TARGETED_DEVICE_FAMILY = "1,2";
				TEST_TARGET_NAME = Currency;
			};
			name = Debug;
		};
		139A156823C53E6C00DA32EB /* Release */ = {
			isa = XCBuildConfiguration;
			baseConfigurationReference = 7AAC45AF761A41E6A4D85E48 /* Pods-Currency-CurrencyUITests.release.xcconfig */;
			buildSettings = {
				ALWAYS_EMBED_SWIFT_STANDARD_LIBRARIES = YES;
				CODE_SIGN_STYLE = Automatic;
				DEVELOPMENT_TEAM = PBE6X9PZJ3;
				INFOPLIST_FILE = CurrencyUITests/Info.plist;
				LD_RUNPATH_SEARCH_PATHS = (
					"$(inherited)",
					"@executable_path/Frameworks",
					"@loader_path/Frameworks",
				);
				PRODUCT_BUNDLE_IDENTIFIER = net.dimasgabriel.CurrencyUITests;
				PRODUCT_NAME = "$(TARGET_NAME)";
				SWIFT_VERSION = 5.0;
				TARGETED_DEVICE_FAMILY = "1,2";
				TEST_TARGET_NAME = Currency;
			};
			name = Release;
		};
		13D4501223C553DB0085350F /* Debug-Mock */ = {
			isa = XCBuildConfiguration;
			buildSettings = {
				ALWAYS_SEARCH_USER_PATHS = NO;
				CLANG_ANALYZER_NONNULL = YES;
				CLANG_ANALYZER_NUMBER_OBJECT_CONVERSION = YES_AGGRESSIVE;
				CLANG_CXX_LANGUAGE_STANDARD = "gnu++14";
				CLANG_CXX_LIBRARY = "libc++";
				CLANG_ENABLE_MODULES = YES;
				CLANG_ENABLE_OBJC_ARC = YES;
				CLANG_ENABLE_OBJC_WEAK = YES;
				CLANG_WARN_BLOCK_CAPTURE_AUTORELEASING = YES;
				CLANG_WARN_BOOL_CONVERSION = YES;
				CLANG_WARN_COMMA = YES;
				CLANG_WARN_CONSTANT_CONVERSION = YES;
				CLANG_WARN_DEPRECATED_OBJC_IMPLEMENTATIONS = YES;
				CLANG_WARN_DIRECT_OBJC_ISA_USAGE = YES_ERROR;
				CLANG_WARN_DOCUMENTATION_COMMENTS = YES;
				CLANG_WARN_EMPTY_BODY = YES;
				CLANG_WARN_ENUM_CONVERSION = YES;
				CLANG_WARN_INFINITE_RECURSION = YES;
				CLANG_WARN_INT_CONVERSION = YES;
				CLANG_WARN_NON_LITERAL_NULL_CONVERSION = YES;
				CLANG_WARN_OBJC_IMPLICIT_RETAIN_SELF = YES;
				CLANG_WARN_OBJC_LITERAL_CONVERSION = YES;
				CLANG_WARN_OBJC_ROOT_CLASS = YES_ERROR;
				CLANG_WARN_RANGE_LOOP_ANALYSIS = YES;
				CLANG_WARN_STRICT_PROTOTYPES = YES;
				CLANG_WARN_SUSPICIOUS_MOVE = YES;
				CLANG_WARN_UNGUARDED_AVAILABILITY = YES_AGGRESSIVE;
				CLANG_WARN_UNREACHABLE_CODE = YES;
				CLANG_WARN__DUPLICATE_METHOD_MATCH = YES;
				COPY_PHASE_STRIP = NO;
				DEBUG_INFORMATION_FORMAT = dwarf;
				ENABLE_STRICT_OBJC_MSGSEND = YES;
				ENABLE_TESTABILITY = YES;
				GCC_C_LANGUAGE_STANDARD = gnu11;
				GCC_DYNAMIC_NO_PIC = NO;
				GCC_NO_COMMON_BLOCKS = YES;
				GCC_OPTIMIZATION_LEVEL = 0;
				GCC_PREPROCESSOR_DEFINITIONS = (
					"DEBUG=1",
					"$(inherited)",
				);
				GCC_WARN_64_TO_32_BIT_CONVERSION = YES;
				GCC_WARN_ABOUT_RETURN_TYPE = YES_ERROR;
				GCC_WARN_UNDECLARED_SELECTOR = YES;
				GCC_WARN_UNINITIALIZED_AUTOS = YES_AGGRESSIVE;
				GCC_WARN_UNUSED_FUNCTION = YES;
				GCC_WARN_UNUSED_VARIABLE = YES;
				IPHONEOS_DEPLOYMENT_TARGET = 13.2;
				MTL_ENABLE_DEBUG_INFO = INCLUDE_SOURCE;
				MTL_FAST_MATH = YES;
				ONLY_ACTIVE_ARCH = YES;
				SDKROOT = iphoneos;
				SWIFT_ACTIVE_COMPILATION_CONDITIONS = DEBUG;
				SWIFT_OPTIMIZATION_LEVEL = "-Onone";
			};
			name = "Debug-Mock";
		};
		13D4501323C553DB0085350F /* Debug-Mock */ = {
			isa = XCBuildConfiguration;
			baseConfigurationReference = 319BAA4D0C51061ABD52E431 /* Pods-Currency.debug-mock.xcconfig */;
			buildSettings = {
				ASSETCATALOG_COMPILER_APPICON_NAME = AppIcon;
				CODE_SIGN_STYLE = Automatic;
				DEVELOPMENT_TEAM = PBE6X9PZJ3;
				INFOPLIST_FILE = Currency/Info.plist;
				IPHONEOS_DEPLOYMENT_TARGET = 11.0;
				LD_RUNPATH_SEARCH_PATHS = (
					"$(inherited)",
					"@executable_path/Frameworks",
				);
				OTHER_SWIFT_FLAGS = "$(inherited) -D COCOAPODS -DMOCK";
				PRODUCT_BUNDLE_IDENTIFIER = net.dimasgabriel.Currency;
				PRODUCT_NAME = "$(TARGET_NAME)";
				SWIFT_VERSION = 5.0;
				TARGETED_DEVICE_FAMILY = 1;
			};
			name = "Debug-Mock";
		};
		13D4501423C553DB0085350F /* Debug-Mock */ = {
			isa = XCBuildConfiguration;
			baseConfigurationReference = C9C5A8E2DB2C8101BF44D9CE /* Pods-CurrencyTests.debug-mock.xcconfig */;
			buildSettings = {
				ALWAYS_EMBED_SWIFT_STANDARD_LIBRARIES = YES;
				BUNDLE_LOADER = "$(TEST_HOST)";
				CODE_SIGN_STYLE = Automatic;
				DEVELOPMENT_TEAM = PBE6X9PZJ3;
				INFOPLIST_FILE = CurrencyTests/Info.plist;
				IPHONEOS_DEPLOYMENT_TARGET = 13.2;
				LD_RUNPATH_SEARCH_PATHS = (
					"$(inherited)",
					"@executable_path/Frameworks",
					"@loader_path/Frameworks",
				);
				PRODUCT_BUNDLE_IDENTIFIER = net.dimasgabriel.CurrencyTests;
				PRODUCT_NAME = "$(TARGET_NAME)";
				SWIFT_VERSION = 5.0;
				TARGETED_DEVICE_FAMILY = "1,2";
				TEST_HOST = "$(BUILT_PRODUCTS_DIR)/Currency.app/Currency";
			};
			name = "Debug-Mock";
		};
		13D4501523C553DB0085350F /* Debug-Mock */ = {
			isa = XCBuildConfiguration;
			baseConfigurationReference = 1AF064841C074AA2EF85BFE6 /* Pods-Currency-CurrencyUITests.debug-mock.xcconfig */;
			buildSettings = {
				ALWAYS_EMBED_SWIFT_STANDARD_LIBRARIES = YES;
				CODE_SIGN_STYLE = Automatic;
				DEVELOPMENT_TEAM = PBE6X9PZJ3;
				INFOPLIST_FILE = CurrencyUITests/Info.plist;
				LD_RUNPATH_SEARCH_PATHS = (
					"$(inherited)",
					"@executable_path/Frameworks",
					"@loader_path/Frameworks",
				);
				PRODUCT_BUNDLE_IDENTIFIER = net.dimasgabriel.CurrencyUITests;
				PRODUCT_NAME = "$(TARGET_NAME)";
				SWIFT_VERSION = 5.0;
				TARGETED_DEVICE_FAMILY = "1,2";
				TEST_TARGET_NAME = Currency;
			};
			name = "Debug-Mock";
		};
		13D4501623C553EE0085350F /* Release-Mock */ = {
			isa = XCBuildConfiguration;
			buildSettings = {
				ALWAYS_SEARCH_USER_PATHS = NO;
				CLANG_ANALYZER_NONNULL = YES;
				CLANG_ANALYZER_NUMBER_OBJECT_CONVERSION = YES_AGGRESSIVE;
				CLANG_CXX_LANGUAGE_STANDARD = "gnu++14";
				CLANG_CXX_LIBRARY = "libc++";
				CLANG_ENABLE_MODULES = YES;
				CLANG_ENABLE_OBJC_ARC = YES;
				CLANG_ENABLE_OBJC_WEAK = YES;
				CLANG_WARN_BLOCK_CAPTURE_AUTORELEASING = YES;
				CLANG_WARN_BOOL_CONVERSION = YES;
				CLANG_WARN_COMMA = YES;
				CLANG_WARN_CONSTANT_CONVERSION = YES;
				CLANG_WARN_DEPRECATED_OBJC_IMPLEMENTATIONS = YES;
				CLANG_WARN_DIRECT_OBJC_ISA_USAGE = YES_ERROR;
				CLANG_WARN_DOCUMENTATION_COMMENTS = YES;
				CLANG_WARN_EMPTY_BODY = YES;
				CLANG_WARN_ENUM_CONVERSION = YES;
				CLANG_WARN_INFINITE_RECURSION = YES;
				CLANG_WARN_INT_CONVERSION = YES;
				CLANG_WARN_NON_LITERAL_NULL_CONVERSION = YES;
				CLANG_WARN_OBJC_IMPLICIT_RETAIN_SELF = YES;
				CLANG_WARN_OBJC_LITERAL_CONVERSION = YES;
				CLANG_WARN_OBJC_ROOT_CLASS = YES_ERROR;
				CLANG_WARN_RANGE_LOOP_ANALYSIS = YES;
				CLANG_WARN_STRICT_PROTOTYPES = YES;
				CLANG_WARN_SUSPICIOUS_MOVE = YES;
				CLANG_WARN_UNGUARDED_AVAILABILITY = YES_AGGRESSIVE;
				CLANG_WARN_UNREACHABLE_CODE = YES;
				CLANG_WARN__DUPLICATE_METHOD_MATCH = YES;
				COPY_PHASE_STRIP = NO;
				DEBUG_INFORMATION_FORMAT = "dwarf-with-dsym";
				ENABLE_NS_ASSERTIONS = NO;
				ENABLE_STRICT_OBJC_MSGSEND = YES;
				GCC_C_LANGUAGE_STANDARD = gnu11;
				GCC_NO_COMMON_BLOCKS = YES;
				GCC_WARN_64_TO_32_BIT_CONVERSION = YES;
				GCC_WARN_ABOUT_RETURN_TYPE = YES_ERROR;
				GCC_WARN_UNDECLARED_SELECTOR = YES;
				GCC_WARN_UNINITIALIZED_AUTOS = YES_AGGRESSIVE;
				GCC_WARN_UNUSED_FUNCTION = YES;
				GCC_WARN_UNUSED_VARIABLE = YES;
				IPHONEOS_DEPLOYMENT_TARGET = 13.2;
				MTL_ENABLE_DEBUG_INFO = NO;
				MTL_FAST_MATH = YES;
				SDKROOT = iphoneos;
				SWIFT_COMPILATION_MODE = wholemodule;
				SWIFT_OPTIMIZATION_LEVEL = "-O";
				VALIDATE_PRODUCT = YES;
			};
			name = "Release-Mock";
		};
		13D4501723C553EE0085350F /* Release-Mock */ = {
			isa = XCBuildConfiguration;
			baseConfigurationReference = 92230A07532D65610A9BCBF7 /* Pods-Currency.release-mock.xcconfig */;
			buildSettings = {
				ASSETCATALOG_COMPILER_APPICON_NAME = AppIcon;
				CODE_SIGN_STYLE = Automatic;
				DEVELOPMENT_TEAM = PBE6X9PZJ3;
				INFOPLIST_FILE = Currency/Info.plist;
				IPHONEOS_DEPLOYMENT_TARGET = 11.0;
				LD_RUNPATH_SEARCH_PATHS = (
					"$(inherited)",
					"@executable_path/Frameworks",
				);
				OTHER_SWIFT_FLAGS = "$(inherited) -D COCOAPODS -DMOCK";
				PRODUCT_BUNDLE_IDENTIFIER = net.dimasgabriel.Currency;
				PRODUCT_NAME = "$(TARGET_NAME)";
				SWIFT_VERSION = 5.0;
				TARGETED_DEVICE_FAMILY = 1;
			};
			name = "Release-Mock";
		};
		13D4501823C553EE0085350F /* Release-Mock */ = {
			isa = XCBuildConfiguration;
			baseConfigurationReference = 141491D95E69AD55B1FF265A /* Pods-CurrencyTests.release-mock.xcconfig */;
			buildSettings = {
				ALWAYS_EMBED_SWIFT_STANDARD_LIBRARIES = YES;
				BUNDLE_LOADER = "$(TEST_HOST)";
				CODE_SIGN_STYLE = Automatic;
				DEVELOPMENT_TEAM = PBE6X9PZJ3;
				INFOPLIST_FILE = CurrencyTests/Info.plist;
				IPHONEOS_DEPLOYMENT_TARGET = 13.2;
				LD_RUNPATH_SEARCH_PATHS = (
					"$(inherited)",
					"@executable_path/Frameworks",
					"@loader_path/Frameworks",
				);
				PRODUCT_BUNDLE_IDENTIFIER = net.dimasgabriel.CurrencyTests;
				PRODUCT_NAME = "$(TARGET_NAME)";
				SWIFT_VERSION = 5.0;
				TARGETED_DEVICE_FAMILY = "1,2";
				TEST_HOST = "$(BUILT_PRODUCTS_DIR)/Currency.app/Currency";
			};
			name = "Release-Mock";
		};
		13D4501923C553EE0085350F /* Release-Mock */ = {
			isa = XCBuildConfiguration;
			baseConfigurationReference = 2CE505690ACD6D3BED42604C /* Pods-Currency-CurrencyUITests.release-mock.xcconfig */;
			buildSettings = {
				ALWAYS_EMBED_SWIFT_STANDARD_LIBRARIES = YES;
				CODE_SIGN_STYLE = Automatic;
				DEVELOPMENT_TEAM = PBE6X9PZJ3;
				INFOPLIST_FILE = CurrencyUITests/Info.plist;
				LD_RUNPATH_SEARCH_PATHS = (
					"$(inherited)",
					"@executable_path/Frameworks",
					"@loader_path/Frameworks",
				);
				PRODUCT_BUNDLE_IDENTIFIER = net.dimasgabriel.CurrencyUITests;
				PRODUCT_NAME = "$(TARGET_NAME)";
				SWIFT_VERSION = 5.0;
				TARGETED_DEVICE_FAMILY = "1,2";
				TEST_TARGET_NAME = Currency;
			};
			name = "Release-Mock";
		};
/* End XCBuildConfiguration section */

/* Begin XCConfigurationList section */
		139A153123C53E6B00DA32EB /* Build configuration list for PBXProject "Currency" */ = {
			isa = XCConfigurationList;
			buildConfigurations = (
				139A155E23C53E6C00DA32EB /* Debug */,
				13D4501223C553DB0085350F /* Debug-Mock */,
				139A155F23C53E6C00DA32EB /* Release */,
				13D4501623C553EE0085350F /* Release-Mock */,
			);
			defaultConfigurationIsVisible = 0;
			defaultConfigurationName = Release;
		};
		139A156023C53E6C00DA32EB /* Build configuration list for PBXNativeTarget "Currency" */ = {
			isa = XCConfigurationList;
			buildConfigurations = (
				139A156123C53E6C00DA32EB /* Debug */,
				13D4501323C553DB0085350F /* Debug-Mock */,
				139A156223C53E6C00DA32EB /* Release */,
				13D4501723C553EE0085350F /* Release-Mock */,
			);
			defaultConfigurationIsVisible = 0;
			defaultConfigurationName = Release;
		};
		139A156323C53E6C00DA32EB /* Build configuration list for PBXNativeTarget "CurrencyTests" */ = {
			isa = XCConfigurationList;
			buildConfigurations = (
				139A156423C53E6C00DA32EB /* Debug */,
				13D4501423C553DB0085350F /* Debug-Mock */,
				139A156523C53E6C00DA32EB /* Release */,
				13D4501823C553EE0085350F /* Release-Mock */,
			);
			defaultConfigurationIsVisible = 0;
			defaultConfigurationName = Release;
		};
		139A156623C53E6C00DA32EB /* Build configuration list for PBXNativeTarget "CurrencyUITests" */ = {
			isa = XCConfigurationList;
			buildConfigurations = (
				139A156723C53E6C00DA32EB /* Debug */,
				13D4501523C553DB0085350F /* Debug-Mock */,
				139A156823C53E6C00DA32EB /* Release */,
				13D4501923C553EE0085350F /* Release-Mock */,
			);
			defaultConfigurationIsVisible = 0;
			defaultConfigurationName = Release;
		};
/* End XCConfigurationList section */
	};
	rootObject = 139A152E23C53E6B00DA32EB /* Project object */;
}
